// !$*UTF8*$!
{
	archiveVersion = 1;
	classes = {
	};
	objectVersion = 77;
	objects = {

/* Begin PBXContainerItemProxy section */
		B5BD1E292CDA7BAD00F1A787 /* PBXContainerItemProxy */ = {
			isa = PBXContainerItemProxy;
			containerPortal = B5BD1E102CDA7BAC00F1A787 /* Project object */;
			proxyType = 1;
			remoteGlobalIDString = B5BD1E172CDA7BAC00F1A787;
			remoteInfo = uppgift;
		};
		B5BD1E332CDA7BAD00F1A787 /* PBXContainerItemProxy */ = {
			isa = PBXContainerItemProxy;
			containerPortal = B5BD1E102CDA7BAC00F1A787 /* Project object */;
			proxyType = 1;
			remoteGlobalIDString = B5BD1E172CDA7BAC00F1A787;
			remoteInfo = uppgift;
		};
/* End PBXContainerItemProxy section */

/* Begin PBXFileReference section */
		B5BD1E182CDA7BAC00F1A787 /* uppgift.app */ = {isa = PBXFileReference; explicitFileType = wrapper.application; includeInIndex = 0; path = uppgift.app; sourceTree = BUILT_PRODUCTS_DIR; };
		B5BD1E282CDA7BAD00F1A787 /* uppgiftTests.xctest */ = {isa = PBXFileReference; explicitFileType = wrapper.cfbundle; includeInIndex = 0; path = uppgiftTests.xctest; sourceTree = BUILT_PRODUCTS_DIR; };
		B5BD1E322CDA7BAD00F1A787 /* uppgiftUITests.xctest */ = {isa = PBXFileReference; explicitFileType = wrapper.cfbundle; includeInIndex = 0; path = uppgiftUITests.xctest; sourceTree = BUILT_PRODUCTS_DIR; };
/* End PBXFileReference section */

/* Begin PBXFileSystemSynchronizedRootGroup section */
		B5BD1E1A2CDA7BAC00F1A787 /* uppgift */ = {
			isa = PBXFileSystemSynchronizedRootGroup;
			path = uppgift;
			sourceTree = "<group>";
		};
		B5BD1E2B2CDA7BAD00F1A787 /* uppgiftTests */ = {
			isa = PBXFileSystemSynchronizedRootGroup;
			path = uppgiftTests;
			sourceTree = "<group>";
		};
		B5BD1E352CDA7BAD00F1A787 /* uppgiftUITests */ = {
			isa = PBXFileSystemSynchronizedRootGroup;
			path = uppgiftUITests;
			sourceTree = "<group>";
		};
/* End PBXFileSystemSynchronizedRootGroup section */

/* Begin PBXFrameworksBuildPhase section */
		B5BD1E152CDA7BAC00F1A787 /* Frameworks */ = {
			isa = PBXFrameworksBuildPhase;
			buildActionMask = 2147483647;
			files = (
			);
			runOnlyForDeploymentPostprocessing = 0;
		};
		B5BD1E252CDA7BAD00F1A787 /* Frameworks */ = {
			isa = PBXFrameworksBuildPhase;
			buildActionMask = 2147483647;
			files = (
			);
			runOnlyForDeploymentPostprocessing = 0;
		};
		B5BD1E2F2CDA7BAD00F1A787 /* Frameworks */ = {
			isa = PBXFrameworksBuildPhase;
			buildActionMask = 2147483647;
			files = (
			);
			runOnlyForDeploymentPostprocessing = 0;
		};
/* End PBXFrameworksBuildPhase section */

/* Begin PBXGroup section */
		B5BD1E0F2CDA7BAC00F1A787 = {
			isa = PBXGroup;
			children = (
				B5BD1E1A2CDA7BAC00F1A787 /* uppgift */,
				B5BD1E2B2CDA7BAD00F1A787 /* uppgiftTests */,
				B5BD1E352CDA7BAD00F1A787 /* uppgiftUITests */,
				B5BD1E192CDA7BAC00F1A787 /* Products */,
			);
			sourceTree = "<group>";
		};
		B5BD1E192CDA7BAC00F1A787 /* Products */ = {
			isa = PBXGroup;
			children = (
				B5BD1E182CDA7BAC00F1A787 /* uppgift.app */,
				B5BD1E282CDA7BAD00F1A787 /* uppgiftTests.xctest */,
				B5BD1E322CDA7BAD00F1A787 /* uppgiftUITests.xctest */,
			);
			name = Products;
			sourceTree = "<group>";
		};
/* End PBXGroup section */

/* Begin PBXNativeTarget section */
		B5BD1E172CDA7BAC00F1A787 /* uppgift */ = {
			isa = PBXNativeTarget;
			buildConfigurationList = B5BD1E3C2CDA7BAD00F1A787 /* Build configuration list for PBXNativeTarget "uppgift" */;
			buildPhases = (
				B5BD1E142CDA7BAC00F1A787 /* Sources */,
				B5BD1E152CDA7BAC00F1A787 /* Frameworks */,
				B5BD1E162CDA7BAC00F1A787 /* Resources */,
			);
			buildRules = (
			);
			dependencies = (
			);
			fileSystemSynchronizedGroups = (
				B5BD1E1A2CDA7BAC00F1A787 /* uppgift */,
			);
			name = uppgift;
			packageProductDependencies = (
			);
			productName = uppgift;
			productReference = B5BD1E182CDA7BAC00F1A787 /* uppgift.app */;
			productType = "com.apple.product-type.application";
		};
		B5BD1E272CDA7BAD00F1A787 /* uppgiftTests */ = {
			isa = PBXNativeTarget;
			buildConfigurationList = B5BD1E3F2CDA7BAD00F1A787 /* Build configuration list for PBXNativeTarget "uppgiftTests" */;
			buildPhases = (
				B5BD1E242CDA7BAD00F1A787 /* Sources */,
				B5BD1E252CDA7BAD00F1A787 /* Frameworks */,
				B5BD1E262CDA7BAD00F1A787 /* Resources */,
			);
			buildRules = (
			);
			dependencies = (
				B5BD1E2A2CDA7BAD00F1A787 /* PBXTargetDependency */,
			);
			fileSystemSynchronizedGroups = (
				B5BD1E2B2CDA7BAD00F1A787 /* uppgiftTests */,
			);
			name = uppgiftTests;
			packageProductDependencies = (
			);
			productName = uppgiftTests;
			productReference = B5BD1E282CDA7BAD00F1A787 /* uppgiftTests.xctest */;
			productType = "com.apple.product-type.bundle.unit-test";
		};
		B5BD1E312CDA7BAD00F1A787 /* uppgiftUITests */ = {
			isa = PBXNativeTarget;
			buildConfigurationList = B5BD1E422CDA7BAD00F1A787 /* Build configuration list for PBXNativeTarget "uppgiftUITests" */;
			buildPhases = (
				B5BD1E2E2CDA7BAD00F1A787 /* Sources */,
				B5BD1E2F2CDA7BAD00F1A787 /* Frameworks */,
				B5BD1E302CDA7BAD00F1A787 /* Resources */,
			);
			buildRules = (
			);
			dependencies = (
				B5BD1E342CDA7BAD00F1A787 /* PBXTargetDependency */,
			);
			fileSystemSynchronizedGroups = (
				B5BD1E352CDA7BAD00F1A787 /* uppgiftUITests */,
			);
			name = uppgiftUITests;
			packageProductDependencies = (
			);
			productName = uppgiftUITests;
			productReference = B5BD1E322CDA7BAD00F1A787 /* uppgiftUITests.xctest */;
			productType = "com.apple.product-type.bundle.ui-testing";
		};
/* End PBXNativeTarget section */

/* Begin PBXProject section */
		B5BD1E102CDA7BAC00F1A787 /* Project object */ = {
			isa = PBXProject;
			attributes = {
				BuildIndependentTargetsInParallel = 1;
				LastSwiftUpdateCheck = 1610;
				LastUpgradeCheck = 1610;
				TargetAttributes = {
					B5BD1E172CDA7BAC00F1A787 = {
						CreatedOnToolsVersion = 16.1;
					};
					B5BD1E272CDA7BAD00F1A787 = {
						CreatedOnToolsVersion = 16.1;
						TestTargetID = B5BD1E172CDA7BAC00F1A787;
					};
					B5BD1E312CDA7BAD00F1A787 = {
						CreatedOnToolsVersion = 16.1;
						TestTargetID = B5BD1E172CDA7BAC00F1A787;
					};
				};
			};
			buildConfigurationList = B5BD1E132CDA7BAC00F1A787 /* Build configuration list for PBXProject "uppgift" */;
			developmentRegion = en;
			hasScannedForEncodings = 0;
			knownRegions = (
				en,
				Base,
			);
			mainGroup = B5BD1E0F2CDA7BAC00F1A787;
			minimizedProjectReferenceProxies = 1;
			preferredProjectObjectVersion = 77;
			productRefGroup = B5BD1E192CDA7BAC00F1A787 /* Products */;
			projectDirPath = "";
			projectRoot = "";
			targets = (
				B5BD1E172CDA7BAC00F1A787 /* uppgift */,
				B5BD1E272CDA7BAD00F1A787 /* uppgiftTests */,
				B5BD1E312CDA7BAD00F1A787 /* uppgiftUITests */,
			);
		};
/* End PBXProject section */

/* Begin PBXResourcesBuildPhase section */
		B5BD1E162CDA7BAC00F1A787 /* Resources */ = {
			isa = PBXResourcesBuildPhase;
			buildActionMask = 2147483647;
			files = (
			);
			runOnlyForDeploymentPostprocessing = 0;
		};
		B5BD1E262CDA7BAD00F1A787 /* Resources */ = {
			isa = PBXResourcesBuildPhase;
			buildActionMask = 2147483647;
			files = (
			);
			runOnlyForDeploymentPostprocessing = 0;
		};
		B5BD1E302CDA7BAD00F1A787 /* Resources */ = {
			isa = PBXResourcesBuildPhase;
			buildActionMask = 2147483647;
			files = (
			);
			runOnlyForDeploymentPostprocessing = 0;
		};
/* End PBXResourcesBuildPhase section */

/* Begin PBXSourcesBuildPhase section */
		B5BD1E142CDA7BAC00F1A787 /* Sources */ = {
			isa = PBXSourcesBuildPhase;
			buildActionMask = 2147483647;
			files = (
			);
			runOnlyForDeploymentPostprocessing = 0;
		};
		B5BD1E242CDA7BAD00F1A787 /* Sources */ = {
			isa = PBXSourcesBuildPhase;
			buildActionMask = 2147483647;
			files = (
			);
			runOnlyForDeploymentPostprocessing = 0;
		};
		B5BD1E2E2CDA7BAD00F1A787 /* Sources */ = {
			isa = PBXSourcesBuildPhase;
			buildActionMask = 2147483647;
			files = (
			);
			runOnlyForDeploymentPostprocessing = 0;
		};
/* End PBXSourcesBuildPhase section */

/* Begin PBXTargetDependency section */
		B5BD1E2A2CDA7BAD00F1A787 /* PBXTargetDependency */ = {
			isa = PBXTargetDependency;
			target = B5BD1E172CDA7BAC00F1A787 /* uppgift */;
			targetProxy = B5BD1E292CDA7BAD00F1A787 /* PBXContainerItemProxy */;
		};
		B5BD1E342CDA7BAD00F1A787 /* PBXTargetDependency */ = {
			isa = PBXTargetDependency;
			target = B5BD1E172CDA7BAC00F1A787 /* uppgift */;
			targetProxy = B5BD1E332CDA7BAD00F1A787 /* PBXContainerItemProxy */;
		};
/* End PBXTargetDependency section */

/* Begin XCBuildConfiguration section */
		B5BD1E3A2CDA7BAD00F1A787 /* Debug */ = {
			isa = XCBuildConfiguration;
			buildSettings = {
				ALWAYS_SEARCH_USER_PATHS = NO;
				ASSETCATALOG_COMPILER_GENERATE_SWIFT_ASSET_SYMBOL_EXTENSIONS = YES;
				CLANG_ANALYZER_NONNULL = YES;
				CLANG_ANALYZER_NUMBER_OBJECT_CONVERSION = YES_AGGRESSIVE;
				CLANG_CXX_LANGUAGE_STANDARD = "gnu++20";
				CLANG_ENABLE_MODULES = YES;
				CLANG_ENABLE_OBJC_ARC = YES;
				CLANG_ENABLE_OBJC_WEAK = YES;
				CLANG_WARN_BLOCK_CAPTURE_AUTORELEASING = YES;
				CLANG_WARN_BOOL_CONVERSION = YES;
				CLANG_WARN_COMMA = YES;
				CLANG_WARN_CONSTANT_CONVERSION = YES;
				CLANG_WARN_DEPRECATED_OBJC_IMPLEMENTATIONS = YES;
				CLANG_WARN_DIRECT_OBJC_ISA_USAGE = YES_ERROR;
				CLANG_WARN_DOCUMENTATION_COMMENTS = YES;
				CLANG_WARN_EMPTY_BODY = YES;
				CLANG_WARN_ENUM_CONVERSION = YES;
				CLANG_WARN_INFINITE_RECURSION = YES;
				CLANG_WARN_INT_CONVERSION = YES;
				CLANG_WARN_NON_LITERAL_NULL_CONVERSION = YES;
				CLANG_WARN_OBJC_IMPLICIT_RETAIN_SELF = YES;
				CLANG_WARN_OBJC_LITERAL_CONVERSION = YES;
				CLANG_WARN_OBJC_ROOT_CLASS = YES_ERROR;
				CLANG_WARN_QUOTED_INCLUDE_IN_FRAMEWORK_HEADER = YES;
				CLANG_WARN_RANGE_LOOP_ANALYSIS = YES;
				CLANG_WARN_STRICT_PROTOTYPES = YES;
				CLANG_WARN_SUSPICIOUS_MOVE = YES;
				CLANG_WARN_UNGUARDED_AVAILABILITY = YES_AGGRESSIVE;
				CLANG_WARN_UNREACHABLE_CODE = YES;
				CLANG_WARN__DUPLICATE_METHOD_MATCH = YES;
				COPY_PHASE_STRIP = NO;
				DEBUG_INFORMATION_FORMAT = dwarf;
				ENABLE_STRICT_OBJC_MSGSEND = YES;
				ENABLE_TESTABILITY = YES;
				ENABLE_USER_SCRIPT_SANDBOXING = YES;
				GCC_C_LANGUAGE_STANDARD = gnu17;
				GCC_DYNAMIC_NO_PIC = NO;
				GCC_NO_COMMON_BLOCKS = YES;
				GCC_OPTIMIZATION_LEVEL = 0;
				GCC_PREPROCESSOR_DEFINITIONS = (
					"DEBUG=1",
					"$(inherited)",
				);
				GCC_WARN_64_TO_32_BIT_CONVERSION = YES;
				GCC_WARN_ABOUT_RETURN_TYPE = YES_ERROR;
				GCC_WARN_UNDECLARED_SELECTOR = YES;
				GCC_WARN_UNINITIALIZED_AUTOS = YES_AGGRESSIVE;
				GCC_WARN_UNUSED_FUNCTION = YES;
				GCC_WARN_UNUSED_VARIABLE = YES;
				IPHONEOS_DEPLOYMENT_TARGET = 18.1;
				LOCALIZATION_PREFERS_STRING_CATALOGS = YES;
				MTL_ENABLE_DEBUG_INFO = INCLUDE_SOURCE;
				MTL_FAST_MATH = YES;
				ONLY_ACTIVE_ARCH = YES;
				SDKROOT = iphoneos;
				SWIFT_ACTIVE_COMPILATION_CONDITIONS = "DEBUG $(inherited)";
				SWIFT_OPTIMIZATION_LEVEL = "-Onone";
			};
			name = Debug;
		};
		B5BD1E3B2CDA7BAD00F1A787 /* Release */ = {
			isa = XCBuildConfiguration;
			buildSettings = {
				ALWAYS_SEARCH_USER_PATHS = NO;
				ASSETCATALOG_COMPILER_GENERATE_SWIFT_ASSET_SYMBOL_EXTENSIONS = YES;
				CLANG_ANALYZER_NONNULL = YES;
				CLANG_ANALYZER_NUMBER_OBJECT_CONVERSION = YES_AGGRESSIVE;
				CLANG_CXX_LANGUAGE_STANDARD = "gnu++20";
				CLANG_ENABLE_MODULES = YES;
				CLANG_ENABLE_OBJC_ARC = YES;
				CLANG_ENABLE_OBJC_WEAK = YES;
				CLANG_WARN_BLOCK_CAPTURE_AUTORELEASING = YES;
				CLANG_WARN_BOOL_CONVERSION = YES;
				CLANG_WARN_COMMA = YES;
				CLANG_WARN_CONSTANT_CONVERSION = YES;
				CLANG_WARN_DEPRECATED_OBJC_IMPLEMENTATIONS = YES;
				CLANG_WARN_DIRECT_OBJC_ISA_USAGE = YES_ERROR;
				CLANG_WARN_DOCUMENTATION_COMMENTS = YES;
				CLANG_WARN_EMPTY_BODY = YES;
				CLANG_WARN_ENUM_CONVERSION = YES;
				CLANG_WARN_INFINITE_RECURSION = YES;
				CLANG_WARN_INT_CONVERSION = YES;
				CLANG_WARN_NON_LITERAL_NULL_CONVERSION = YES;
				CLANG_WARN_OBJC_IMPLICIT_RETAIN_SELF = YES;
				CLANG_WARN_OBJC_LITERAL_CONVERSION = YES;
				CLANG_WARN_OBJC_ROOT_CLASS = YES_ERROR;
				CLANG_WARN_QUOTED_INCLUDE_IN_FRAMEWORK_HEADER = YES;
				CLANG_WARN_RANGE_LOOP_ANALYSIS = YES;
				CLANG_WARN_STRICT_PROTOTYPES = YES;
				CLANG_WARN_SUSPICIOUS_MOVE = YES;
				CLANG_WARN_UNGUARDED_AVAILABILITY = YES_AGGRESSIVE;
				CLANG_WARN_UNREACHABLE_CODE = YES;
				CLANG_WARN__DUPLICATE_METHOD_MATCH = YES;
				COPY_PHASE_STRIP = NO;
				DEBUG_INFORMATION_FORMAT = "dwarf-with-dsym";
				ENABLE_NS_ASSERTIONS = NO;
				ENABLE_STRICT_OBJC_MSGSEND = YES;
				ENABLE_USER_SCRIPT_SANDBOXING = YES;
				GCC_C_LANGUAGE_STANDARD = gnu17;
				GCC_NO_COMMON_BLOCKS = YES;
				GCC_WARN_64_TO_32_BIT_CONVERSION = YES;
				GCC_WARN_ABOUT_RETURN_TYPE = YES_ERROR;
				GCC_WARN_UNDECLARED_SELECTOR = YES;
				GCC_WARN_UNINITIALIZED_AUTOS = YES_AGGRESSIVE;
				GCC_WARN_UNUSED_FUNCTION = YES;
				GCC_WARN_UNUSED_VARIABLE = YES;
				IPHONEOS_DEPLOYMENT_TARGET = 18.1;
				LOCALIZATION_PREFERS_STRING_CATALOGS = YES;
				MTL_ENABLE_DEBUG_INFO = NO;
				MTL_FAST_MATH = YES;
				SDKROOT = iphoneos;
				SWIFT_COMPILATION_MODE = wholemodule;
				VALIDATE_PRODUCT = YES;
			};
			name = Release;
		};
		B5BD1E3D2CDA7BAD00F1A787 /* Debug */ = {
			isa = XCBuildConfiguration;
			buildSettings = {
				ASSETCATALOG_COMPILER_APPICON_NAME = AppIcon;
				ASSETCATALOG_COMPILER_GLOBAL_ACCENT_COLOR_NAME = AccentColor;
				CODE_SIGN_STYLE = Automatic;
				CURRENT_PROJECT_VERSION = 1;
				DEVELOPMENT_ASSET_PATHS = "\"uppgift/Preview Content\"";
				ENABLE_PREVIEWS = YES;
				GENERATE_INFOPLIST_FILE = YES;
				INFOPLIST_KEY_UIApplicationSceneManifest_Generation = YES;
				INFOPLIST_KEY_UIApplicationSupportsIndirectInputEvents = YES;
				INFOPLIST_KEY_UILaunchScreen_Generation = YES;
				INFOPLIST_KEY_UISupportedInterfaceOrientations_iPad = "UIInterfaceOrientationPortrait UIInterfaceOrientationPortraitUpsideDown UIInterfaceOrientationLandscapeLeft UIInterfaceOrientationLandscapeRight";
				INFOPLIST_KEY_UISupportedInterfaceOrientations_iPhone = "UIInterfaceOrientationPortrait UIInterfaceOrientationLandscapeLeft UIInterfaceOrientationLandscapeRight";
				LD_RUNPATH_SEARCH_PATHS = (
					"$(inherited)",
					"@executable_path/Frameworks",
				);
				MARKETING_VERSION = 1.0;
				PRODUCT_BUNDLE_IDENTIFIER = sejw.uppgift;
				PRODUCT_NAME = "$(TARGET_NAME)";
				SWIFT_EMIT_LOC_STRINGS = YES;
				SWIFT_VERSION = 5.0;
				TARGETED_DEVICE_FAMILY = "1,2";
			};
			name = Debug;
		};
		B5BD1E3E2CDA7BAD00F1A787 /* Release */ = {
			isa = XCBuildConfiguration;
			buildSettings = {
				ASSETCATALOG_COMPILER_APPICON_NAME = AppIcon;
				ASSETCATALOG_COMPILER_GLOBAL_ACCENT_COLOR_NAME = AccentColor;
				CODE_SIGN_STYLE = Automatic;
				CURRENT_PROJECT_VERSION = 1;
				DEVELOPMENT_ASSET_PATHS = "\"uppgift/Preview Content\"";
				ENABLE_PREVIEWS = YES;
				GENERATE_INFOPLIST_FILE = YES;
				INFOPLIST_KEY_UIApplicationSceneManifest_Generation = YES;
				INFOPLIST_KEY_UIApplicationSupportsIndirectInputEvents = YES;
				INFOPLIST_KEY_UILaunchScreen_Generation = YES;
				INFOPLIST_KEY_UISupportedInterfaceOrientations_iPad = "UIInterfaceOrientationPortrait UIInterfaceOrientationPortraitUpsideDown UIInterfaceOrientationLandscapeLeft UIInterfaceOrientationLandscapeRight";
				INFOPLIST_KEY_UISupportedInterfaceOrientations_iPhone = "UIInterfaceOrientationPortrait UIInterfaceOrientationLandscapeLeft UIInterfaceOrientationLandscapeRight";
				LD_RUNPATH_SEARCH_PATHS = (
					"$(inherited)",
					"@executable_path/Frameworks",
				);
				MARKETING_VERSION = 1.0;
				PRODUCT_BUNDLE_IDENTIFIER = sejw.uppgift;
				PRODUCT_NAME = "$(TARGET_NAME)";
				SWIFT_EMIT_LOC_STRINGS = YES;
				SWIFT_VERSION = 5.0;
				TARGETED_DEVICE_FAMILY = "1,2";
			};
			name = Release;
		};
		B5BD1E402CDA7BAD00F1A787 /* Debug */ = {
			isa = XCBuildConfiguration;
			buildSettings = {
				BUNDLE_LOADER = "$(TEST_HOST)";
				CODE_SIGN_STYLE = Automatic;
				CURRENT_PROJECT_VERSION = 1;
				GENERATE_INFOPLIST_FILE = YES;
				IPHONEOS_DEPLOYMENT_TARGET = 18.1;
				MARKETING_VERSION = 1.0;
				PRODUCT_BUNDLE_IDENTIFIER = sejw.uppgiftTests;
				PRODUCT_NAME = "$(TARGET_NAME)";
				SWIFT_EMIT_LOC_STRINGS = NO;
				SWIFT_VERSION = 5.0;
				TARGETED_DEVICE_FAMILY = "1,2";
				TEST_HOST = "$(BUILT_PRODUCTS_DIR)/uppgift.app/$(BUNDLE_EXECUTABLE_FOLDER_PATH)/uppgift";
			};
			name = Debug;
		};
		B5BD1E412CDA7BAD00F1A787 /* Release */ = {
			isa = XCBuildConfiguration;
			buildSettings = {
				BUNDLE_LOADER = "$(TEST_HOST)";
				CODE_SIGN_STYLE = Automatic;
				CURRENT_PROJECT_VERSION = 1;
				GENERATE_INFOPLIST_FILE = YES;
				IPHONEOS_DEPLOYMENT_TARGET = 18.1;
				MARKETING_VERSION = 1.0;
				PRODUCT_BUNDLE_IDENTIFIER = sejw.uppgiftTests;
				PRODUCT_NAME = "$(TARGET_NAME)";
				SWIFT_EMIT_LOC_STRINGS = NO;
				SWIFT_VERSION = 5.0;
				TARGETED_DEVICE_FAMILY = "1,2";
				TEST_HOST = "$(BUILT_PRODUCTS_DIR)/uppgift.app/$(BUNDLE_EXECUTABLE_FOLDER_PATH)/uppgift";
			};
			name = Release;
		};
		B5BD1E432CDA7BAD00F1A787 /* Debug */ = {
			isa = XCBuildConfiguration;
			buildSettings = {
				CODE_SIGN_STYLE = Automatic;
				CURRENT_PROJECT_VERSION = 1;
				GENERATE_INFOPLIST_FILE = YES;
				MARKETING_VERSION = 1.0;
				PRODUCT_BUNDLE_IDENTIFIER = sejw.uppgiftUITests;
				PRODUCT_NAME = "$(TARGET_NAME)";
				SWIFT_EMIT_LOC_STRINGS = NO;
				SWIFT_VERSION = 5.0;
				TARGETED_DEVICE_FAMILY = "1,2";
				TEST_TARGET_NAME = uppgift;
			};
			name = Debug;
		};
		B5BD1E442CDA7BAD00F1A787 /* Release */ = {
			isa = XCBuildConfiguration;
			buildSettings = {
				CODE_SIGN_STYLE = Automatic;
				CURRENT_PROJECT_VERSION = 1;
				GENERATE_INFOPLIST_FILE = YES;
				MARKETING_VERSION = 1.0;
				PRODUCT_BUNDLE_IDENTIFIER = sejw.uppgiftUITests;
				PRODUCT_NAME = "$(TARGET_NAME)";
				SWIFT_EMIT_LOC_STRINGS = NO;
				SWIFT_VERSION = 5.0;
				TARGETED_DEVICE_FAMILY = "1,2";
				TEST_TARGET_NAME = uppgift;
			};
			name = Release;
		};
/* End XCBuildConfiguration section */

/* Begin XCConfigurationList section */
		B5BD1E132CDA7BAC00F1A787 /* Build configuration list for PBXProject "uppgift" */ = {
			isa = XCConfigurationList;
			buildConfigurations = (
				B5BD1E3A2CDA7BAD00F1A787 /* Debug */,
				B5BD1E3B2CDA7BAD00F1A787 /* Release */,
			);
			defaultConfigurationIsVisible = 0;
			defaultConfigurationName = Release;
		};
		B5BD1E3C2CDA7BAD00F1A787 /* Build configuration list for PBXNativeTarget "uppgift" */ = {
			isa = XCConfigurationList;
			buildConfigurations = (
				B5BD1E3D2CDA7BAD00F1A787 /* Debug */,
				B5BD1E3E2CDA7BAD00F1A787 /* Release */,
			);
			defaultConfigurationIsVisible = 0;
			defaultConfigurationName = Release;
		};
		B5BD1E3F2CDA7BAD00F1A787 /* Build configuration list for PBXNativeTarget "uppgiftTests" */ = {
			isa = XCConfigurationList;
			buildConfigurations = (
				B5BD1E402CDA7BAD00F1A787 /* Debug */,
				B5BD1E412CDA7BAD00F1A787 /* Release */,
			);
			defaultConfigurationIsVisible = 0;
			defaultConfigurationName = Release;
		};
		B5BD1E422CDA7BAD00F1A787 /* Build configuration list for PBXNativeTarget "uppgiftUITests" */ = {
			isa = XCConfigurationList;
			buildConfigurations = (
				B5BD1E432CDA7BAD00F1A787 /* Debug */,
				B5BD1E442CDA7BAD00F1A787 /* Release */,
			);
			defaultConfigurationIsVisible = 0;
			defaultConfigurationName = Release;
		};
/* End XCConfigurationList section */
	};
	rootObject = B5BD1E102CDA7BAC00F1A787 /* Project object */;
}
